
Microsoft Visual Studio Solution File, Format Version 12.00
# Visual Studio Version 17
VisualStudioVersion = 17.3.32901.215
MinimumVisualStudioVersion = 10.0.40219.1
Project("{FAE04EC0-301F-11D3-BF4B-00C04F79EFBC}") = "LavkaApp1", "LavkaApp1\LavkaApp1.csproj", "{1484E8C8-1CC0-46A1-BD1D-F1319974B716}"
EndProject
Global
	GlobalSection(SolutionConfigurationPlatforms) = preSolution
		Debug|Any CPU = Debug|Any CPU
		Release|Any CPU = Release|Any CPU
	EndGlobalSection
	GlobalSection(ProjectConfigurationPlatforms) = postSolution
		{1484E8C8-1CC0-46A1-BD1D-F1319974B716}.Debug|Any CPU.ActiveCfg = Debug|Any CPU
		{1484E8C8-1CC0-46A1-BD1D-F1319974B716}.Debug|Any CPU.Build.0 = Debug|Any CPU
		{1484E8C8-1CC0-46A1-BD1D-F1319974B716}.Release|Any CPU.ActiveCfg = Release|Any CPU
		{1484E8C8-1CC0-46A1-BD1D-F1319974B716}.Release|Any CPU.Build.0 = Release|Any CPU
	EndGlobalSection
	GlobalSection(SolutionProperties) = preSolution
		HideSolutionNode = FALSE
	EndGlobalSection
	GlobalSection(ExtensibilityGlobals) = postSolution
		SolutionGuid = {76A6FD35-73C6-46C4-A8C6-87B070882C03}
	EndGlobalSection
EndGlobal
